
Microsoft Visual Studio Solution File, Format Version 12.00
# Visual Studio Version 17
VisualStudioVersion = 17.0.31903.59
MinimumVisualStudioVersion = 10.0.40219.1
Project("{9A19103F-16F7-4668-BE54-9A1E7A4F7556}") = "Objector", "Objector\Objector.csproj", "{92BB636F-6231-4FD1-989F-73DA5BFA091F}"
EndProject
Project("{9A19103F-16F7-4668-BE54-9A1E7A4F7556}") = "Objector.ML", "Objector.ML\Objector.ML.csproj", "{26CD12BE-A49D-43FD-8E5D-3A786888CD0F}"
EndProject
Global
	GlobalSection(SolutionConfigurationPlatforms) = preSolution
		Debug|Any CPU = Debug|Any CPU
		Release|Any CPU = Release|Any CPU
	EndGlobalSection
	GlobalSection(ProjectConfigurationPlatforms) = postSolution
		{92BB636F-6231-4FD1-989F-73DA5BFA091F}.Debug|Any CPU.ActiveCfg = Debug|Any CPU
		{92BB636F-6231-4FD1-989F-73DA5BFA091F}.Debug|Any CPU.Build.0 = Debug|Any CPU
		{92BB636F-6231-4FD1-989F-73DA5BFA091F}.Release|Any CPU.ActiveCfg = Release|Any CPU
		{92BB636F-6231-4FD1-989F-73DA5BFA091F}.Release|Any CPU.Build.0 = Release|Any CPU
		{26CD12BE-A49D-43FD-8E5D-3A786888CD0F}.Debug|Any CPU.ActiveCfg = Debug|Any CPU
		{26CD12BE-A49D-43FD-8E5D-3A786888CD0F}.Debug|Any CPU.Build.0 = Debug|Any CPU
		{26CD12BE-A49D-43FD-8E5D-3A786888CD0F}.Release|Any CPU.ActiveCfg = Release|Any CPU
		{26CD12BE-A49D-43FD-8E5D-3A786888CD0F}.Release|Any CPU.Build.0 = Release|Any CPU
	EndGlobalSection
	GlobalSection(SolutionProperties) = preSolution
		HideSolutionNode = FALSE
	EndGlobalSection
	GlobalSection(ExtensibilityGlobals) = postSolution
		SolutionGuid = {3AF5D6DB-74E2-47EA-9072-ED1367F663F3}
	EndGlobalSection
EndGlobal
